
Microsoft Visual Studio Solution File, Format Version 12.00
Project("{FAE04EC0-301F-11D3-BF4B-00C04F79EFBC}") = "Markdig.Renderers.Docx", "Markdig.Renderers.Docx\Markdig.Renderers.Docx.csproj", "{CD2DF04E-B47B-4A2D-8315-71191D02596F}"
EndProject
Project("{FAE04EC0-301F-11D3-BF4B-00C04F79EFBC}") = "Markdig.Renderers.Docx.Tests", "Markdig.Renderers.Docx.Tests\Markdig.Renderers.Docx.Tests.csproj", "{C622D09E-30D7-436B-92D0-ACF180131CFA}"
EndProject
Global
	GlobalSection(SolutionConfigurationPlatforms) = preSolution
		Debug|Any CPU = Debug|Any CPU
		Release|Any CPU = Release|Any CPU
	EndGlobalSection
	GlobalSection(ProjectConfigurationPlatforms) = postSolution
		{CD2DF04E-B47B-4A2D-8315-71191D02596F}.Debug|Any CPU.ActiveCfg = Debug|Any CPU
		{CD2DF04E-B47B-4A2D-8315-71191D02596F}.Debug|Any CPU.Build.0 = Debug|Any CPU
		{CD2DF04E-B47B-4A2D-8315-71191D02596F}.Release|Any CPU.ActiveCfg = Release|Any CPU
		{CD2DF04E-B47B-4A2D-8315-71191D02596F}.Release|Any CPU.Build.0 = Release|Any CPU
		{C622D09E-30D7-436B-92D0-ACF180131CFA}.Debug|Any CPU.ActiveCfg = Debug|Any CPU
		{C622D09E-30D7-436B-92D0-ACF180131CFA}.Debug|Any CPU.Build.0 = Debug|Any CPU
		{C622D09E-30D7-436B-92D0-ACF180131CFA}.Release|Any CPU.ActiveCfg = Release|Any CPU
		{C622D09E-30D7-436B-92D0-ACF180131CFA}.Release|Any CPU.Build.0 = Release|Any CPU
	EndGlobalSection
EndGlobal
